
Microsoft Visual Studio Solution File, Format Version 12.00
# Visual Studio 14
VisualStudioVersion = 14.0.25123.0
MinimumVisualStudioVersion = 10.0.40219.1
Project("{FAE04EC0-301F-11D3-BF4B-00C04F79EFBC}") = "JsonConverterBalsamiq", "JsonConverterBalsamiq\JsonConverterBalsamiq.csproj", "{C5BFCD90-7EB5-4DC3-B5F4-87C1378D4966}"
EndProject
Project("{FAE04EC0-301F-11D3-BF4B-00C04F79EFBC}") = "BalsamiqArchiveModel", "BalsamiqArchiveModel\BalsamiqArchiveModel.csproj", "{1F69C6DD-4A92-48F4-8D04-C7A0910FB346}"
EndProject
Global
	GlobalSection(SolutionConfigurationPlatforms) = preSolution
		Debug|Any CPU = Debug|Any CPU
		Release|Any CPU = Release|Any CPU
	EndGlobalSection
	GlobalSection(ProjectConfigurationPlatforms) = postSolution
		{C5BFCD90-7EB5-4DC3-B5F4-87C1378D4966}.Debug|Any CPU.ActiveCfg = Debug|Any CPU
		{C5BFCD90-7EB5-4DC3-B5F4-87C1378D4966}.Debug|Any CPU.Build.0 = Debug|Any CPU
		{C5BFCD90-7EB5-4DC3-B5F4-87C1378D4966}.Release|Any CPU.ActiveCfg = Release|Any CPU
		{C5BFCD90-7EB5-4DC3-B5F4-87C1378D4966}.Release|Any CPU.Build.0 = Release|Any CPU
		{1F69C6DD-4A92-48F4-8D04-C7A0910FB346}.Debug|Any CPU.ActiveCfg = Debug|Any CPU
		{1F69C6DD-4A92-48F4-8D04-C7A0910FB346}.Debug|Any CPU.Build.0 = Debug|Any CPU
		{1F69C6DD-4A92-48F4-8D04-C7A0910FB346}.Release|Any CPU.ActiveCfg = Release|Any CPU
		{1F69C6DD-4A92-48F4-8D04-C7A0910FB346}.Release|Any CPU.Build.0 = Release|Any CPU
	EndGlobalSection
	GlobalSection(SolutionProperties) = preSolution
		HideSolutionNode = FALSE
	EndGlobalSection
EndGlobal
